// !$*UTF8*$!
{
	archiveVersion = 1;
	classes = {
	};
	objectVersion = 55;
	objects = {

/* Begin PBXBuildFile section */
		F514FEE428BF662700626233 /* FeedItem.swift in Sources */ = {isa = PBXBuildFile; fileRef = F514FEE328BF662700626233 /* FeedItem.swift */; };
		F51E4E882897C7FC00972136 /* AppDelegate.swift in Sources */ = {isa = PBXBuildFile; fileRef = F51E4E872897C7FC00972136 /* AppDelegate.swift */; };
		F51E4E8A2897C7FC00972136 /* SceneDelegate.swift in Sources */ = {isa = PBXBuildFile; fileRef = F51E4E892897C7FC00972136 /* SceneDelegate.swift */; };
		F51E4E8C2897C7FC00972136 /* ViewController.swift in Sources */ = {isa = PBXBuildFile; fileRef = F51E4E8B2897C7FC00972136 /* ViewController.swift */; };
		F51E4E8F2897C7FC00972136 /* Main.storyboard in Resources */ = {isa = PBXBuildFile; fileRef = F51E4E8D2897C7FC00972136 /* Main.storyboard */; };
		F51E4E922897C7FC00972136 /* RouteMap.xcdatamodeld in Sources */ = {isa = PBXBuildFile; fileRef = F51E4E902897C7FC00972136 /* RouteMap.xcdatamodeld */; };
		F51E4E942897C7FD00972136 /* Assets.xcassets in Resources */ = {isa = PBXBuildFile; fileRef = F51E4E932897C7FD00972136 /* Assets.xcassets */; };
		F51E4E972897C7FD00972136 /* LaunchScreen.storyboard in Resources */ = {isa = PBXBuildFile; fileRef = F51E4E952897C7FD00972136 /* LaunchScreen.storyboard */; };
		F51E4EA22897C7FD00972136 /* RouteMapTests.swift in Sources */ = {isa = PBXBuildFile; fileRef = F51E4EA12897C7FD00972136 /* RouteMapTests.swift */; };
		F51E4EAC2897C7FD00972136 /* RouteMapUITests.swift in Sources */ = {isa = PBXBuildFile; fileRef = F51E4EAB2897C7FD00972136 /* RouteMapUITests.swift */; };
		F51E4EAE2897C7FD00972136 /* RouteMapUITestsLaunchTests.swift in Sources */ = {isa = PBXBuildFile; fileRef = F51E4EAD2897C7FD00972136 /* RouteMapUITestsLaunchTests.swift */; };
/* End PBXBuildFile section */

/* Begin PBXContainerItemProxy section */
		F51E4E9E2897C7FD00972136 /* PBXContainerItemProxy */ = {
			isa = PBXContainerItemProxy;
			containerPortal = F51E4E7C2897C7FC00972136 /* Project object */;
			proxyType = 1;
			remoteGlobalIDString = F51E4E832897C7FC00972136;
			remoteInfo = RouteMap;
		};
		F51E4EA82897C7FD00972136 /* PBXContainerItemProxy */ = {
			isa = PBXContainerItemProxy;
			containerPortal = F51E4E7C2897C7FC00972136 /* Project object */;
			proxyType = 1;
			remoteGlobalIDString = F51E4E832897C7FC00972136;
			remoteInfo = RouteMap;
		};
/* End PBXContainerItemProxy section */

/* Begin PBXFileReference section */
		F514FEE328BF662700626233 /* FeedItem.swift */ = {isa = PBXFileReference; lastKnownFileType = sourcecode.swift; path = FeedItem.swift; sourceTree = "<group>"; };
		F51E4E842897C7FC00972136 /* RouteMap.app */ = {isa = PBXFileReference; explicitFileType = wrapper.application; includeInIndex = 0; path = RouteMap.app; sourceTree = BUILT_PRODUCTS_DIR; };
		F51E4E872897C7FC00972136 /* AppDelegate.swift */ = {isa = PBXFileReference; lastKnownFileType = sourcecode.swift; path = AppDelegate.swift; sourceTree = "<group>"; };
		F51E4E892897C7FC00972136 /* SceneDelegate.swift */ = {isa = PBXFileReference; lastKnownFileType = sourcecode.swift; path = SceneDelegate.swift; sourceTree = "<group>"; };
		F51E4E8B2897C7FC00972136 /* ViewController.swift */ = {isa = PBXFileReference; lastKnownFileType = sourcecode.swift; path = ViewController.swift; sourceTree = "<group>"; };
		F51E4E8E2897C7FC00972136 /* Base */ = {isa = PBXFileReference; lastKnownFileType = file.storyboard; name = Base; path = Base.lproj/Main.storyboard; sourceTree = "<group>"; };
		F51E4E912897C7FC00972136 /* RouteMap.xcdatamodel */ = {isa = PBXFileReference; lastKnownFileType = wrapper.xcdatamodel; path = RouteMap.xcdatamodel; sourceTree = "<group>"; };
		F51E4E932897C7FD00972136 /* Assets.xcassets */ = {isa = PBXFileReference; lastKnownFileType = folder.assetcatalog; path = Assets.xcassets; sourceTree = "<group>"; };
		F51E4E962897C7FD00972136 /* Base */ = {isa = PBXFileReference; lastKnownFileType = file.storyboard; name = Base; path = Base.lproj/LaunchScreen.storyboard; sourceTree = "<group>"; };
		F51E4E982897C7FD00972136 /* Info.plist */ = {isa = PBXFileReference; lastKnownFileType = text.plist.xml; path = Info.plist; sourceTree = "<group>"; };
		F51E4E9D2897C7FD00972136 /* RouteMapTests.xctest */ = {isa = PBXFileReference; explicitFileType = wrapper.cfbundle; includeInIndex = 0; path = RouteMapTests.xctest; sourceTree = BUILT_PRODUCTS_DIR; };
		F51E4EA12897C7FD00972136 /* RouteMapTests.swift */ = {isa = PBXFileReference; lastKnownFileType = sourcecode.swift; path = RouteMapTests.swift; sourceTree = "<group>"; };
		F51E4EA72897C7FD00972136 /* RouteMapUITests.xctest */ = {isa = PBXFileReference; explicitFileType = wrapper.cfbundle; includeInIndex = 0; path = RouteMapUITests.xctest; sourceTree = BUILT_PRODUCTS_DIR; };
		F51E4EAB2897C7FD00972136 /* RouteMapUITests.swift */ = {isa = PBXFileReference; lastKnownFileType = sourcecode.swift; path = RouteMapUITests.swift; sourceTree = "<group>"; };
		F51E4EAD2897C7FD00972136 /* RouteMapUITestsLaunchTests.swift */ = {isa = PBXFileReference; lastKnownFileType = sourcecode.swift; path = RouteMapUITestsLaunchTests.swift; sourceTree = "<group>"; };
/* End PBXFileReference section */

/* Begin PBXFrameworksBuildPhase section */
		F51E4E812897C7FC00972136 /* Frameworks */ = {
			isa = PBXFrameworksBuildPhase;
			buildActionMask = 2147483647;
			files = (
			);
			runOnlyForDeploymentPostprocessing = 0;
		};
		F51E4E9A2897C7FD00972136 /* Frameworks */ = {
			isa = PBXFrameworksBuildPhase;
			buildActionMask = 2147483647;
			files = (
			);
			runOnlyForDeploymentPostprocessing = 0;
		};
		F51E4EA42897C7FD00972136 /* Frameworks */ = {
			isa = PBXFrameworksBuildPhase;
			buildActionMask = 2147483647;
			files = (
			);
			runOnlyForDeploymentPostprocessing = 0;
		};
/* End PBXFrameworksBuildPhase section */

/* Begin PBXGroup section */
		F51E4E7B2897C7FC00972136 = {
			isa = PBXGroup;
			children = (
				F51E4E862897C7FC00972136 /* RouteMap */,
				F51E4EA02897C7FD00972136 /* RouteMapTests */,
				F51E4EAA2897C7FD00972136 /* RouteMapUITests */,
				F51E4E852897C7FC00972136 /* Products */,
			);
			sourceTree = "<group>";
		};
		F51E4E852897C7FC00972136 /* Products */ = {
			isa = PBXGroup;
			children = (
				F51E4E842897C7FC00972136 /* RouteMap.app */,
				F51E4E9D2897C7FD00972136 /* RouteMapTests.xctest */,
				F51E4EA72897C7FD00972136 /* RouteMapUITests.xctest */,
			);
			name = Products;
			sourceTree = "<group>";
		};
		F51E4E862897C7FC00972136 /* RouteMap */ = {
			isa = PBXGroup;
			children = (
				F514FEE328BF662700626233 /* FeedItem.swift */,
				F51E4E872897C7FC00972136 /* AppDelegate.swift */,
				F51E4E892897C7FC00972136 /* SceneDelegate.swift */,
				F51E4E8B2897C7FC00972136 /* ViewController.swift */,
				F51E4E8D2897C7FC00972136 /* Main.storyboard */,
				F51E4E932897C7FD00972136 /* Assets.xcassets */,
				F51E4E952897C7FD00972136 /* LaunchScreen.storyboard */,
				F51E4E982897C7FD00972136 /* Info.plist */,
				F51E4E902897C7FC00972136 /* RouteMap.xcdatamodeld */,
			);
			path = RouteMap;
			sourceTree = "<group>";
		};
		F51E4EA02897C7FD00972136 /* RouteMapTests */ = {
			isa = PBXGroup;
			children = (
				F51E4EA12897C7FD00972136 /* RouteMapTests.swift */,
			);
			path = RouteMapTests;
			sourceTree = "<group>";
		};
		F51E4EAA2897C7FD00972136 /* RouteMapUITests */ = {
			isa = PBXGroup;
			children = (
				F51E4EAB2897C7FD00972136 /* RouteMapUITests.swift */,
				F51E4EAD2897C7FD00972136 /* RouteMapUITestsLaunchTests.swift */,
			);
			path = RouteMapUITests;
			sourceTree = "<group>";
		};
/* End PBXGroup section */

/* Begin PBXNativeTarget section */
		F51E4E832897C7FC00972136 /* RouteMap */ = {
			isa = PBXNativeTarget;
			buildConfigurationList = F51E4EB12897C7FD00972136 /* Build configuration list for PBXNativeTarget "RouteMap" */;
			buildPhases = (
				F51E4E802897C7FC00972136 /* Sources */,
				F51E4E812897C7FC00972136 /* Frameworks */,
				F51E4E822897C7FC00972136 /* Resources */,
			);
			buildRules = (
			);
			dependencies = (
			);
			name = RouteMap;
			productName = RouteMap;
			productReference = F51E4E842897C7FC00972136 /* RouteMap.app */;
			productType = "com.apple.product-type.application";
		};
		F51E4E9C2897C7FD00972136 /* RouteMapTests */ = {
			isa = PBXNativeTarget;
			buildConfigurationList = F51E4EB42897C7FD00972136 /* Build configuration list for PBXNativeTarget "RouteMapTests" */;
			buildPhases = (
				F51E4E992897C7FD00972136 /* Sources */,
				F51E4E9A2897C7FD00972136 /* Frameworks */,
				F51E4E9B2897C7FD00972136 /* Resources */,
			);
			buildRules = (
			);
			dependencies = (
				F51E4E9F2897C7FD00972136 /* PBXTargetDependency */,
			);
			name = RouteMapTests;
			productName = RouteMapTests;
			productReference = F51E4E9D2897C7FD00972136 /* RouteMapTests.xctest */;
			productType = "com.apple.product-type.bundle.unit-test";
		};
		F51E4EA62897C7FD00972136 /* RouteMapUITests */ = {
			isa = PBXNativeTarget;
			buildConfigurationList = F51E4EB72897C7FD00972136 /* Build configuration list for PBXNativeTarget "RouteMapUITests" */;
			buildPhases = (
				F51E4EA32897C7FD00972136 /* Sources */,
				F51E4EA42897C7FD00972136 /* Frameworks */,
				F51E4EA52897C7FD00972136 /* Resources */,
			);
			buildRules = (
			);
			dependencies = (
				F51E4EA92897C7FD00972136 /* PBXTargetDependency */,
			);
			name = RouteMapUITests;
			productName = RouteMapUITests;
			productReference = F51E4EA72897C7FD00972136 /* RouteMapUITests.xctest */;
			productType = "com.apple.product-type.bundle.ui-testing";
		};
/* End PBXNativeTarget section */

/* Begin PBXProject section */
		F51E4E7C2897C7FC00972136 /* Project object */ = {
			isa = PBXProject;
			attributes = {
				BuildIndependentTargetsInParallel = 1;
				LastSwiftUpdateCheck = 1300;
				LastUpgradeCheck = 1300;
				TargetAttributes = {
					F51E4E832897C7FC00972136 = {
						CreatedOnToolsVersion = 13.0;
					};
					F51E4E9C2897C7FD00972136 = {
						CreatedOnToolsVersion = 13.0;
						TestTargetID = F51E4E832897C7FC00972136;
					};
					F51E4EA62897C7FD00972136 = {
						CreatedOnToolsVersion = 13.0;
						TestTargetID = F51E4E832897C7FC00972136;
					};
				};
			};
			buildConfigurationList = F51E4E7F2897C7FC00972136 /* Build configuration list for PBXProject "RouteMap" */;
			compatibilityVersion = "Xcode 13.0";
			developmentRegion = en;
			hasScannedForEncodings = 0;
			knownRegions = (
				en,
				Base,
			);
			mainGroup = F51E4E7B2897C7FC00972136;
			productRefGroup = F51E4E852897C7FC00972136 /* Products */;
			projectDirPath = "";
			projectRoot = "";
			targets = (
				F51E4E832897C7FC00972136 /* RouteMap */,
				F51E4E9C2897C7FD00972136 /* RouteMapTests */,
				F51E4EA62897C7FD00972136 /* RouteMapUITests */,
			);
		};
/* End PBXProject section */

/* Begin PBXResourcesBuildPhase section */
		F51E4E822897C7FC00972136 /* Resources */ = {
			isa = PBXResourcesBuildPhase;
			buildActionMask = 2147483647;
			files = (
				F51E4E972897C7FD00972136 /* LaunchScreen.storyboard in Resources */,
				F51E4E942897C7FD00972136 /* Assets.xcassets in Resources */,
				F51E4E8F2897C7FC00972136 /* Main.storyboard in Resources */,
			);
			runOnlyForDeploymentPostprocessing = 0;
		};
		F51E4E9B2897C7FD00972136 /* Resources */ = {
			isa = PBXResourcesBuildPhase;
			buildActionMask = 2147483647;
			files = (
			);
			runOnlyForDeploymentPostprocessing = 0;
		};
		F51E4EA52897C7FD00972136 /* Resources */ = {
			isa = PBXResourcesBuildPhase;
			buildActionMask = 2147483647;
			files = (
			);
			runOnlyForDeploymentPostprocessing = 0;
		};
/* End PBXResourcesBuildPhase section */

/* Begin PBXSourcesBuildPhase section */
		F51E4E802897C7FC00972136 /* Sources */ = {
			isa = PBXSourcesBuildPhase;
			buildActionMask = 2147483647;
			files = (
				F51E4E8C2897C7FC00972136 /* ViewController.swift in Sources */,
				F51E4E882897C7FC00972136 /* AppDelegate.swift in Sources */,
				F51E4E922897C7FC00972136 /* RouteMap.xcdatamodeld in Sources */,
				F514FEE428BF662700626233 /* FeedItem.swift in Sources */,
				F51E4E8A2897C7FC00972136 /* SceneDelegate.swift in Sources */,
			);
			runOnlyForDeploymentPostprocessing = 0;
		};
		F51E4E992897C7FD00972136 /* Sources */ = {
			isa = PBXSourcesBuildPhase;
			buildActionMask = 2147483647;
			files = (
				F51E4EA22897C7FD00972136 /* RouteMapTests.swift in Sources */,
			);
			runOnlyForDeploymentPostprocessing = 0;
		};
		F51E4EA32897C7FD00972136 /* Sources */ = {
			isa = PBXSourcesBuildPhase;
			buildActionMask = 2147483647;
			files = (
				F51E4EAE2897C7FD00972136 /* RouteMapUITestsLaunchTests.swift in Sources */,
				F51E4EAC2897C7FD00972136 /* RouteMapUITests.swift in Sources */,
			);
			runOnlyForDeploymentPostprocessing = 0;
		};
/* End PBXSourcesBuildPhase section */

/* Begin PBXTargetDependency section */
		F51E4E9F2897C7FD00972136 /* PBXTargetDependency */ = {
			isa = PBXTargetDependency;
			target = F51E4E832897C7FC00972136 /* RouteMap */;
			targetProxy = F51E4E9E2897C7FD00972136 /* PBXContainerItemProxy */;
		};
		F51E4EA92897C7FD00972136 /* PBXTargetDependency */ = {
			isa = PBXTargetDependency;
			target = F51E4E832897C7FC00972136 /* RouteMap */;
			targetProxy = F51E4EA82897C7FD00972136 /* PBXContainerItemProxy */;
		};
/* End PBXTargetDependency section */

/* Begin PBXVariantGroup section */
		F51E4E8D2897C7FC00972136 /* Main.storyboard */ = {
			isa = PBXVariantGroup;
			children = (
				F51E4E8E2897C7FC00972136 /* Base */,
			);
			name = Main.storyboard;
			sourceTree = "<group>";
		};
		F51E4E952897C7FD00972136 /* LaunchScreen.storyboard */ = {
			isa = PBXVariantGroup;
			children = (
				F51E4E962897C7FD00972136 /* Base */,
			);
			name = LaunchScreen.storyboard;
			sourceTree = "<group>";
		};
/* End PBXVariantGroup section */

/* Begin XCBuildConfiguration section */
		F51E4EAF2897C7FD00972136 /* Debug */ = {
			isa = XCBuildConfiguration;
			buildSettings = {
				ALWAYS_SEARCH_USER_PATHS = NO;
				CLANG_ANALYZER_NONNULL = YES;
				CLANG_ANALYZER_NUMBER_OBJECT_CONVERSION = YES_AGGRESSIVE;
				CLANG_CXX_LANGUAGE_STANDARD = "gnu++17";
				CLANG_CXX_LIBRARY = "libc++";
				CLANG_ENABLE_MODULES = YES;
				CLANG_ENABLE_OBJC_ARC = YES;
				CLANG_ENABLE_OBJC_WEAK = YES;
				CLANG_WARN_BLOCK_CAPTURE_AUTORELEASING = YES;
				CLANG_WARN_BOOL_CONVERSION = YES;
				CLANG_WARN_COMMA = YES;
				CLANG_WARN_CONSTANT_CONVERSION = YES;
				CLANG_WARN_DEPRECATED_OBJC_IMPLEMENTATIONS = YES;
				CLANG_WARN_DIRECT_OBJC_ISA_USAGE = YES_ERROR;
				CLANG_WARN_DOCUMENTATION_COMMENTS = YES;
				CLANG_WARN_EMPTY_BODY = YES;
				CLANG_WARN_ENUM_CONVERSION = YES;
				CLANG_WARN_INFINITE_RECURSION = YES;
				CLANG_WARN_INT_CONVERSION = YES;
				CLANG_WARN_NON_LITERAL_NULL_CONVERSION = YES;
				CLANG_WARN_OBJC_IMPLICIT_RETAIN_SELF = YES;
				CLANG_WARN_OBJC_LITERAL_CONVERSION = YES;
				CLANG_WARN_OBJC_ROOT_CLASS = YES_ERROR;
				CLANG_WARN_QUOTED_INCLUDE_IN_FRAMEWORK_HEADER = YES;
				CLANG_WARN_RANGE_LOOP_ANALYSIS = YES;
				CLANG_WARN_STRICT_PROTOTYPES = YES;
				CLANG_WARN_SUSPICIOUS_MOVE = YES;
				CLANG_WARN_UNGUARDED_AVAILABILITY = YES_AGGRESSIVE;
				CLANG_WARN_UNREACHABLE_CODE = YES;
				CLANG_WARN__DUPLICATE_METHOD_MATCH = YES;
				COPY_PHASE_STRIP = NO;
				DEBUG_INFORMATION_FORMAT = dwarf;
				ENABLE_STRICT_OBJC_MSGSEND = YES;
				ENABLE_TESTABILITY = YES;
				GCC_C_LANGUAGE_STANDARD = gnu11;
				GCC_DYNAMIC_NO_PIC = NO;
				GCC_NO_COMMON_BLOCKS = YES;
				GCC_OPTIMIZATION_LEVEL = 0;
				GCC_PREPROCESSOR_DEFINITIONS = (
					"DEBUG=1",
					"$(inherited)",
				);
				GCC_WARN_64_TO_32_BIT_CONVERSION = YES;
				GCC_WARN_ABOUT_RETURN_TYPE = YES_ERROR;
				GCC_WARN_UNDECLARED_SELECTOR = YES;
				GCC_WARN_UNINITIALIZED_AUTOS = YES_AGGRESSIVE;
				GCC_WARN_UNUSED_FUNCTION = YES;
				GCC_WARN_UNUSED_VARIABLE = YES;
				IPHONEOS_DEPLOYMENT_TARGET = 15.0;
				MTL_ENABLE_DEBUG_INFO = INCLUDE_SOURCE;
				MTL_FAST_MATH = YES;
				ONLY_ACTIVE_ARCH = YES;
				SDKROOT = iphoneos;
				SWIFT_ACTIVE_COMPILATION_CONDITIONS = DEBUG;
				SWIFT_OPTIMIZATION_LEVEL = "-Onone";
			};
			name = Debug;
		};
		F51E4EB02897C7FD00972136 /* Release */ = {
			isa = XCBuildConfiguration;
			buildSettings = {
				ALWAYS_SEARCH_USER_PATHS = NO;
				CLANG_ANALYZER_NONNULL = YES;
				CLANG_ANALYZER_NUMBER_OBJECT_CONVERSION = YES_AGGRESSIVE;
				CLANG_CXX_LANGUAGE_STANDARD = "gnu++17";
				CLANG_CXX_LIBRARY = "libc++";
				CLANG_ENABLE_MODULES = YES;
				CLANG_ENABLE_OBJC_ARC = YES;
				CLANG_ENABLE_OBJC_WEAK = YES;
				CLANG_WARN_BLOCK_CAPTURE_AUTORELEASING = YES;
				CLANG_WARN_BOOL_CONVERSION = YES;
				CLANG_WARN_COMMA = YES;
				CLANG_WARN_CONSTANT_CONVERSION = YES;
				CLANG_WARN_DEPRECATED_OBJC_IMPLEMENTATIONS = YES;
				CLANG_WARN_DIRECT_OBJC_ISA_USAGE = YES_ERROR;
				CLANG_WARN_DOCUMENTATION_COMMENTS = YES;
				CLANG_WARN_EMPTY_BODY = YES;
				CLANG_WARN_ENUM_CONVERSION = YES;
				CLANG_WARN_INFINITE_RECURSION = YES;
				CLANG_WARN_INT_CONVERSION = YES;
				CLANG_WARN_NON_LITERAL_NULL_CONVERSION = YES;
				CLANG_WARN_OBJC_IMPLICIT_RETAIN_SELF = YES;
				CLANG_WARN_OBJC_LITERAL_CONVERSION = YES;
				CLANG_WARN_OBJC_ROOT_CLASS = YES_ERROR;
				CLANG_WARN_QUOTED_INCLUDE_IN_FRAMEWORK_HEADER = YES;
				CLANG_WARN_RANGE_LOOP_ANALYSIS = YES;
				CLANG_WARN_STRICT_PROTOTYPES = YES;
				CLANG_WARN_SUSPICIOUS_MOVE = YES;
				CLANG_WARN_UNGUARDED_AVAILABILITY = YES_AGGRESSIVE;
				CLANG_WARN_UNREACHABLE_CODE = YES;
				CLANG_WARN__DUPLICATE_METHOD_MATCH = YES;
				COPY_PHASE_STRIP = NO;
				DEBUG_INFORMATION_FORMAT = "dwarf-with-dsym";
				ENABLE_NS_ASSERTIONS = NO;
				ENABLE_STRICT_OBJC_MSGSEND = YES;
				GCC_C_LANGUAGE_STANDARD = gnu11;
				GCC_NO_COMMON_BLOCKS = YES;
				GCC_WARN_64_TO_32_BIT_CONVERSION = YES;
				GCC_WARN_ABOUT_RETURN_TYPE = YES_ERROR;
				GCC_WARN_UNDECLARED_SELECTOR = YES;
				GCC_WARN_UNINITIALIZED_AUTOS = YES_AGGRESSIVE;
				GCC_WARN_UNUSED_FUNCTION = YES;
				GCC_WARN_UNUSED_VARIABLE = YES;
				IPHONEOS_DEPLOYMENT_TARGET = 15.0;
				MTL_ENABLE_DEBUG_INFO = NO;
				MTL_FAST_MATH = YES;
				SDKROOT = iphoneos;
				SWIFT_COMPILATION_MODE = wholemodule;
				SWIFT_OPTIMIZATION_LEVEL = "-O";
				VALIDATE_PRODUCT = YES;
			};
			name = Release;
		};
		F51E4EB22897C7FD00972136 /* Debug */ = {
			isa = XCBuildConfiguration;
			buildSettings = {
				ASSETCATALOG_COMPILER_APPICON_NAME = AppIcon;
				ASSETCATALOG_COMPILER_GLOBAL_ACCENT_COLOR_NAME = AccentColor;
				CODE_SIGN_STYLE = Automatic;
				CURRENT_PROJECT_VERSION = 1;
				GENERATE_INFOPLIST_FILE = YES;
				INFOPLIST_FILE = RouteMap/Info.plist;
				INFOPLIST_KEY_UIApplicationSupportsIndirectInputEvents = YES;
				INFOPLIST_KEY_UILaunchStoryboardName = LaunchScreen;
				INFOPLIST_KEY_UIMainStoryboardFile = Main;
				INFOPLIST_KEY_UISupportedInterfaceOrientations_iPad = "UIInterfaceOrientationPortrait UIInterfaceOrientationPortraitUpsideDown UIInterfaceOrientationLandscapeLeft UIInterfaceOrientationLandscapeRight";
				INFOPLIST_KEY_UISupportedInterfaceOrientations_iPhone = "UIInterfaceOrientationPortrait UIInterfaceOrientationLandscapeLeft UIInterfaceOrientationLandscapeRight";
				LD_RUNPATH_SEARCH_PATHS = (
					"$(inherited)",
					"@executable_path/Frameworks",
				);
				MARKETING_VERSION = 1.0;
				PRODUCT_BUNDLE_IDENTIFIER = annaYatsumRouteMap.RouteMap;
				PRODUCT_NAME = "$(TARGET_NAME)";
				SWIFT_EMIT_LOC_STRINGS = YES;
				SWIFT_VERSION = 5.0;
				TARGETED_DEVICE_FAMILY = "1,2";
			};
			name = Debug;
		};
		F51E4EB32897C7FD00972136 /* Release */ = {
			isa = XCBuildConfiguration;
			buildSettings = {
				ASSETCATALOG_COMPILER_APPICON_NAME = AppIcon;
				ASSETCATALOG_COMPILER_GLOBAL_ACCENT_COLOR_NAME = AccentColor;
				CODE_SIGN_STYLE = Automatic;
				CURRENT_PROJECT_VERSION = 1;
				GENERATE_INFOPLIST_FILE = YES;
				INFOPLIST_FILE = RouteMap/Info.plist;
				INFOPLIST_KEY_UIApplicationSupportsIndirectInputEvents = YES;
				INFOPLIST_KEY_UILaunchStoryboardName = LaunchScreen;
				INFOPLIST_KEY_UIMainStoryboardFile = Main;
				INFOPLIST_KEY_UISupportedInterfaceOrientations_iPad = "UIInterfaceOrientationPortrait UIInterfaceOrientationPortraitUpsideDown UIInterfaceOrientationLandscapeLeft UIInterfaceOrientationLandscapeRight";
				INFOPLIST_KEY_UISupportedInterfaceOrientations_iPhone = "UIInterfaceOrientationPortrait UIInterfaceOrientationLandscapeLeft UIInterfaceOrientationLandscapeRight";
				LD_RUNPATH_SEARCH_PATHS = (
					"$(inherited)",
					"@executable_path/Frameworks",
				);
				MARKETING_VERSION = 1.0;
				PRODUCT_BUNDLE_IDENTIFIER = annaYatsumRouteMap.RouteMap;
				PRODUCT_NAME = "$(TARGET_NAME)";
				SWIFT_EMIT_LOC_STRINGS = YES;
				SWIFT_VERSION = 5.0;
				TARGETED_DEVICE_FAMILY = "1,2";
			};
			name = Release;
		};
		F51E4EB52897C7FD00972136 /* Debug */ = {
			isa = XCBuildConfiguration;
			buildSettings = {
				ALWAYS_EMBED_SWIFT_STANDARD_LIBRARIES = YES;
				BUNDLE_LOADER = "$(TEST_HOST)";
				CODE_SIGN_STYLE = Automatic;
				CURRENT_PROJECT_VERSION = 1;
				GENERATE_INFOPLIST_FILE = YES;
				IPHONEOS_DEPLOYMENT_TARGET = 15.0;
				LD_RUNPATH_SEARCH_PATHS = (
					"$(inherited)",
					"@executable_path/Frameworks",
					"@loader_path/Frameworks",
				);
				MARKETING_VERSION = 1.0;
				PRODUCT_BUNDLE_IDENTIFIER = annaYatsumRouteMap.RouteMapTests;
				PRODUCT_NAME = "$(TARGET_NAME)";
				SWIFT_EMIT_LOC_STRINGS = NO;
				SWIFT_VERSION = 5.0;
				TARGETED_DEVICE_FAMILY = "1,2";
				TEST_HOST = "$(BUILT_PRODUCTS_DIR)/RouteMap.app/RouteMap";
			};
			name = Debug;
		};
		F51E4EB62897C7FD00972136 /* Release */ = {
			isa = XCBuildConfiguration;
			buildSettings = {
				ALWAYS_EMBED_SWIFT_STANDARD_LIBRARIES = YES;
				BUNDLE_LOADER = "$(TEST_HOST)";
				CODE_SIGN_STYLE = Automatic;
				CURRENT_PROJECT_VERSION = 1;
				GENERATE_INFOPLIST_FILE = YES;
				IPHONEOS_DEPLOYMENT_TARGET = 15.0;
				LD_RUNPATH_SEARCH_PATHS = (
					"$(inherited)",
					"@executable_path/Frameworks",
					"@loader_path/Frameworks",
				);
				MARKETING_VERSION = 1.0;
				PRODUCT_BUNDLE_IDENTIFIER = annaYatsumRouteMap.RouteMapTests;
				PRODUCT_NAME = "$(TARGET_NAME)";
				SWIFT_EMIT_LOC_STRINGS = NO;
				SWIFT_VERSION = 5.0;
				TARGETED_DEVICE_FAMILY = "1,2";
				TEST_HOST = "$(BUILT_PRODUCTS_DIR)/RouteMap.app/RouteMap";
			};
			name = Release;
		};
		F51E4EB82897C7FD00972136 /* Debug */ = {
			isa = XCBuildConfiguration;
			buildSettings = {
				ALWAYS_EMBED_SWIFT_STANDARD_LIBRARIES = YES;
				CODE_SIGN_STYLE = Automatic;
				CURRENT_PROJECT_VERSION = 1;
				GENERATE_INFOPLIST_FILE = YES;
				LD_RUNPATH_SEARCH_PATHS = (
					"$(inherited)",
					"@executable_path/Frameworks",
					"@loader_path/Frameworks",
				);
				MARKETING_VERSION = 1.0;
				PRODUCT_BUNDLE_IDENTIFIER = annaYatsumRouteMap.RouteMapUITests;
				PRODUCT_NAME = "$(TARGET_NAME)";
				SWIFT_EMIT_LOC_STRINGS = NO;
				SWIFT_VERSION = 5.0;
				TARGETED_DEVICE_FAMILY = "1,2";
				TEST_TARGET_NAME = RouteMap;
			};
			name = Debug;
		};
		F51E4EB92897C7FD00972136 /* Release */ = {
			isa = XCBuildConfiguration;
			buildSettings = {
				ALWAYS_EMBED_SWIFT_STANDARD_LIBRARIES = YES;
				CODE_SIGN_STYLE = Automatic;
				CURRENT_PROJECT_VERSION = 1;
				GENERATE_INFOPLIST_FILE = YES;
				LD_RUNPATH_SEARCH_PATHS = (
					"$(inherited)",
					"@executable_path/Frameworks",
					"@loader_path/Frameworks",
				);
				MARKETING_VERSION = 1.0;
				PRODUCT_BUNDLE_IDENTIFIER = annaYatsumRouteMap.RouteMapUITests;
				PRODUCT_NAME = "$(TARGET_NAME)";
				SWIFT_EMIT_LOC_STRINGS = NO;
				SWIFT_VERSION = 5.0;
				TARGETED_DEVICE_FAMILY = "1,2";
				TEST_TARGET_NAME = RouteMap;
			};
			name = Release;
		};
/* End XCBuildConfiguration section */

/* Begin XCConfigurationList section */
		F51E4E7F2897C7FC00972136 /* Build configuration list for PBXProject "RouteMap" */ = {
			isa = XCConfigurationList;
			buildConfigurations = (
				F51E4EAF2897C7FD00972136 /* Debug */,
				F51E4EB02897C7FD00972136 /* Release */,
			);
			defaultConfigurationIsVisible = 0;
			defaultConfigurationName = Release;
		};
		F51E4EB12897C7FD00972136 /* Build configuration list for PBXNativeTarget "RouteMap" */ = {
			isa = XCConfigurationList;
			buildConfigurations = (
				F51E4EB22897C7FD00972136 /* Debug */,
				F51E4EB32897C7FD00972136 /* Release */,
			);
			defaultConfigurationIsVisible = 0;
			defaultConfigurationName = Release;
		};
		F51E4EB42897C7FD00972136 /* Build configuration list for PBXNativeTarget "RouteMapTests" */ = {
			isa = XCConfigurationList;
			buildConfigurations = (
				F51E4EB52897C7FD00972136 /* Debug */,
				F51E4EB62897C7FD00972136 /* Release */,
			);
			defaultConfigurationIsVisible = 0;
			defaultConfigurationName = Release;
		};
		F51E4EB72897C7FD00972136 /* Build configuration list for PBXNativeTarget "RouteMapUITests" */ = {
			isa = XCConfigurationList;
			buildConfigurations = (
				F51E4EB82897C7FD00972136 /* Debug */,
				F51E4EB92897C7FD00972136 /* Release */,
			);
			defaultConfigurationIsVisible = 0;
			defaultConfigurationName = Release;
		};
/* End XCConfigurationList section */

/* Begin XCVersionGroup section */
		F51E4E902897C7FC00972136 /* RouteMap.xcdatamodeld */ = {
			isa = XCVersionGroup;
			children = (
				F51E4E912897C7FC00972136 /* RouteMap.xcdatamodel */,
			);
			currentVersion = F51E4E912897C7FC00972136 /* RouteMap.xcdatamodel */;
			path = RouteMap.xcdatamodeld;
			sourceTree = "<group>";
			versionGroupType = wrapper.xcdatamodel;
		};
/* End XCVersionGroup section */
	};
	rootObject = F51E4E7C2897C7FC00972136 /* Project object */;
}
